// !$*UTF8*$!
{
	archiveVersion = 1;
	classes = {
	};
	objectVersion = 50;
	objects = {

/* Begin PBXBuildFile section */
		9BB3A111264D4316008CE9A6 /* MovieDetailViewController.swift in Sources */ = {isa = PBXBuildFile; fileRef = 9BB3A10F264D4316008CE9A6 /* MovieDetailViewController.swift */; };
		9BB3A112264D4316008CE9A6 /* MovieDetailViewController.xib in Resources */ = {isa = PBXBuildFile; fileRef = 9BB3A110264D4316008CE9A6 /* MovieDetailViewController.xib */; };
		9BB3A117264D46EE008CE9A6 /* SynopsisView.xib in Resources */ = {isa = PBXBuildFile; fileRef = 9BB3A116264D46EE008CE9A6 /* SynopsisView.xib */; };
		9BB3A11C264D470B008CE9A6 /* SynopsisView.swift in Sources */ = {isa = PBXBuildFile; fileRef = 9BB3A11B264D470B008CE9A6 /* SynopsisView.swift */; };
		9BB3A124264D6EDD008CE9A6 /* SynopsisModel.swift in Sources */ = {isa = PBXBuildFile; fileRef = 9BB3A123264D6EDD008CE9A6 /* SynopsisModel.swift */; };
		9BB3A129264D75E4008CE9A6 /* SynopsisViewModel.swift in Sources */ = {isa = PBXBuildFile; fileRef = 9BB3A128264D75E4008CE9A6 /* SynopsisViewModel.swift */; };
		9BB3A12E264D7BA1008CE9A6 /* BMSUtil.swift in Sources */ = {isa = PBXBuildFile; fileRef = 9BB3A12D264D7BA1008CE9A6 /* BMSUtil.swift */; };
		9BF1A34B264C20FE00A769C6 /* AppDelegate.swift in Sources */ = {isa = PBXBuildFile; fileRef = 9BF1A34A264C20FE00A769C6 /* AppDelegate.swift */; };
		9BF1A34D264C20FE00A769C6 /* SceneDelegate.swift in Sources */ = {isa = PBXBuildFile; fileRef = 9BF1A34C264C20FE00A769C6 /* SceneDelegate.swift */; };
		9BF1A34F264C20FE00A769C6 /* HomeViewController.swift in Sources */ = {isa = PBXBuildFile; fileRef = 9BF1A34E264C20FE00A769C6 /* HomeViewController.swift */; };
		9BF1A352264C20FE00A769C6 /* Main.storyboard in Resources */ = {isa = PBXBuildFile; fileRef = 9BF1A350264C20FE00A769C6 /* Main.storyboard */; };
		9BF1A354264C210900A769C6 /* Assets.xcassets in Resources */ = {isa = PBXBuildFile; fileRef = 9BF1A353264C210900A769C6 /* Assets.xcassets */; };
		9BF1A357264C210900A769C6 /* LaunchScreen.storyboard in Resources */ = {isa = PBXBuildFile; fileRef = 9BF1A355264C210900A769C6 /* LaunchScreen.storyboard */; };
		9BF1A362264C210900A769C6 /* BookMyShowTests.swift in Sources */ = {isa = PBXBuildFile; fileRef = 9BF1A361264C210900A769C6 /* BookMyShowTests.swift */; };
		9BF1A36D264C210900A769C6 /* BookMyShowUITests.swift in Sources */ = {isa = PBXBuildFile; fileRef = 9BF1A36C264C210900A769C6 /* BookMyShowUITests.swift */; };
		9BF1A397264C316900A769C6 /* HomeViewControllerDataSource.swift in Sources */ = {isa = PBXBuildFile; fileRef = 9BF1A396264C316800A769C6 /* HomeViewControllerDataSource.swift */; };
		9BF1A39C264C31EE00A769C6 /* HomeViewControllerDelegate.swift in Sources */ = {isa = PBXBuildFile; fileRef = 9BF1A39B264C31EE00A769C6 /* HomeViewControllerDelegate.swift */; };
		9BF1A3A2264C34C100A769C6 /* PopularMovieCell.swift in Sources */ = {isa = PBXBuildFile; fileRef = 9BF1A3A0264C34C100A769C6 /* PopularMovieCell.swift */; };
		9BF1A3A3264C34C100A769C6 /* PopularMovieCell.xib in Resources */ = {isa = PBXBuildFile; fileRef = 9BF1A3A1264C34C100A769C6 /* PopularMovieCell.xib */; };
		9BF1A3A8264C57DB00A769C6 /* HttpUtil.swift in Sources */ = {isa = PBXBuildFile; fileRef = 9BF1A3A7264C57DB00A769C6 /* HttpUtil.swift */; };
		9BF1A3B3264C690B00A769C6 /* PopularMoviesModel.swift in Sources */ = {isa = PBXBuildFile; fileRef = 9BF1A3B2264C690B00A769C6 /* PopularMoviesModel.swift */; };
		9BF1A3BD264CCE7C00A769C6 /* APIConstants.swift in Sources */ = {isa = PBXBuildFile; fileRef = 9BF1A3BC264CCE7C00A769C6 /* APIConstants.swift */; };
		9BF1A3C2264CD42D00A769C6 /* BMSConstant.swift in Sources */ = {isa = PBXBuildFile; fileRef = 9BF1A3C1264CD42D00A769C6 /* BMSConstant.swift */; };
		9BF1A3C7264CE34500A769C6 /* LazyImageVIew.swift in Sources */ = {isa = PBXBuildFile; fileRef = 9BF1A3C6264CE34500A769C6 /* LazyImageVIew.swift */; };
		9BF1A3E0264D10A100A769C6 /* MovieViewModel.swift in Sources */ = {isa = PBXBuildFile; fileRef = 9BF1A3DF264D10A100A769C6 /* MovieViewModel.swift */; };
/* End PBXBuildFile section */

/* Begin PBXContainerItemProxy section */
		9BF1A35E264C210900A769C6 /* PBXContainerItemProxy */ = {
			isa = PBXContainerItemProxy;
			containerPortal = 9BF1A33F264C20FE00A769C6 /* Project object */;
			proxyType = 1;
			remoteGlobalIDString = 9BF1A346264C20FE00A769C6;
			remoteInfo = BookMyShow;
		};
		9BF1A369264C210900A769C6 /* PBXContainerItemProxy */ = {
			isa = PBXContainerItemProxy;
			containerPortal = 9BF1A33F264C20FE00A769C6 /* Project object */;
			proxyType = 1;
			remoteGlobalIDString = 9BF1A346264C20FE00A769C6;
			remoteInfo = BookMyShow;
		};
/* End PBXContainerItemProxy section */

/* Begin PBXFileReference section */
		9BB3A10F264D4316008CE9A6 /* MovieDetailViewController.swift */ = {isa = PBXFileReference; lastKnownFileType = sourcecode.swift; path = MovieDetailViewController.swift; sourceTree = "<group>"; };
		9BB3A110264D4316008CE9A6 /* MovieDetailViewController.xib */ = {isa = PBXFileReference; lastKnownFileType = file.xib; path = MovieDetailViewController.xib; sourceTree = "<group>"; };
		9BB3A116264D46EE008CE9A6 /* SynopsisView.xib */ = {isa = PBXFileReference; lastKnownFileType = file.xib; path = SynopsisView.xib; sourceTree = "<group>"; };
		9BB3A11B264D470B008CE9A6 /* SynopsisView.swift */ = {isa = PBXFileReference; lastKnownFileType = sourcecode.swift; path = SynopsisView.swift; sourceTree = "<group>"; };
		9BB3A123264D6EDD008CE9A6 /* SynopsisModel.swift */ = {isa = PBXFileReference; lastKnownFileType = sourcecode.swift; path = SynopsisModel.swift; sourceTree = "<group>"; };
		9BB3A128264D75E4008CE9A6 /* SynopsisViewModel.swift */ = {isa = PBXFileReference; lastKnownFileType = sourcecode.swift; path = SynopsisViewModel.swift; sourceTree = "<group>"; };
		9BB3A12D264D7BA1008CE9A6 /* BMSUtil.swift */ = {isa = PBXFileReference; lastKnownFileType = sourcecode.swift; path = BMSUtil.swift; sourceTree = "<group>"; };
		9BF1A347264C20FE00A769C6 /* BookMyShow.app */ = {isa = PBXFileReference; explicitFileType = wrapper.application; includeInIndex = 0; path = BookMyShow.app; sourceTree = BUILT_PRODUCTS_DIR; };
		9BF1A34A264C20FE00A769C6 /* AppDelegate.swift */ = {isa = PBXFileReference; lastKnownFileType = sourcecode.swift; path = AppDelegate.swift; sourceTree = "<group>"; };
		9BF1A34C264C20FE00A769C6 /* SceneDelegate.swift */ = {isa = PBXFileReference; lastKnownFileType = sourcecode.swift; path = SceneDelegate.swift; sourceTree = "<group>"; };
		9BF1A34E264C20FE00A769C6 /* HomeViewController.swift */ = {isa = PBXFileReference; lastKnownFileType = sourcecode.swift; path = HomeViewController.swift; sourceTree = "<group>"; };
		9BF1A351264C20FE00A769C6 /* Base */ = {isa = PBXFileReference; lastKnownFileType = file.storyboard; name = Base; path = Base.lproj/Main.storyboard; sourceTree = "<group>"; };
		9BF1A353264C210900A769C6 /* Assets.xcassets */ = {isa = PBXFileReference; lastKnownFileType = folder.assetcatalog; path = Assets.xcassets; sourceTree = "<group>"; };
		9BF1A356264C210900A769C6 /* Base */ = {isa = PBXFileReference; lastKnownFileType = file.storyboard; name = Base; path = Base.lproj/LaunchScreen.storyboard; sourceTree = "<group>"; };
		9BF1A358264C210900A769C6 /* Info.plist */ = {isa = PBXFileReference; lastKnownFileType = text.plist.xml; path = Info.plist; sourceTree = "<group>"; };
		9BF1A35D264C210900A769C6 /* BookMyShowTests.xctest */ = {isa = PBXFileReference; explicitFileType = wrapper.cfbundle; includeInIndex = 0; path = BookMyShowTests.xctest; sourceTree = BUILT_PRODUCTS_DIR; };
		9BF1A361264C210900A769C6 /* BookMyShowTests.swift */ = {isa = PBXFileReference; lastKnownFileType = sourcecode.swift; path = BookMyShowTests.swift; sourceTree = "<group>"; };
		9BF1A363264C210900A769C6 /* Info.plist */ = {isa = PBXFileReference; lastKnownFileType = text.plist.xml; path = Info.plist; sourceTree = "<group>"; };
		9BF1A368264C210900A769C6 /* BookMyShowUITests.xctest */ = {isa = PBXFileReference; explicitFileType = wrapper.cfbundle; includeInIndex = 0; path = BookMyShowUITests.xctest; sourceTree = BUILT_PRODUCTS_DIR; };
		9BF1A36C264C210900A769C6 /* BookMyShowUITests.swift */ = {isa = PBXFileReference; lastKnownFileType = sourcecode.swift; path = BookMyShowUITests.swift; sourceTree = "<group>"; };
		9BF1A36E264C210900A769C6 /* Info.plist */ = {isa = PBXFileReference; lastKnownFileType = text.plist.xml; path = Info.plist; sourceTree = "<group>"; };
		9BF1A396264C316800A769C6 /* HomeViewControllerDataSource.swift */ = {isa = PBXFileReference; lastKnownFileType = sourcecode.swift; path = HomeViewControllerDataSource.swift; sourceTree = "<group>"; };
		9BF1A39B264C31EE00A769C6 /* HomeViewControllerDelegate.swift */ = {isa = PBXFileReference; lastKnownFileType = sourcecode.swift; path = HomeViewControllerDelegate.swift; sourceTree = "<group>"; };
		9BF1A3A0264C34C100A769C6 /* PopularMovieCell.swift */ = {isa = PBXFileReference; lastKnownFileType = sourcecode.swift; path = PopularMovieCell.swift; sourceTree = "<group>"; };
		9BF1A3A1264C34C100A769C6 /* PopularMovieCell.xib */ = {isa = PBXFileReference; lastKnownFileType = file.xib; path = PopularMovieCell.xib; sourceTree = "<group>"; };
		9BF1A3A7264C57DB00A769C6 /* HttpUtil.swift */ = {isa = PBXFileReference; lastKnownFileType = sourcecode.swift; path = HttpUtil.swift; sourceTree = "<group>"; };
		9BF1A3B2264C690B00A769C6 /* PopularMoviesModel.swift */ = {isa = PBXFileReference; lastKnownFileType = sourcecode.swift; path = PopularMoviesModel.swift; sourceTree = "<group>"; };
		9BF1A3BC264CCE7C00A769C6 /* APIConstants.swift */ = {isa = PBXFileReference; lastKnownFileType = sourcecode.swift; path = APIConstants.swift; sourceTree = "<group>"; };
		9BF1A3C1264CD42D00A769C6 /* BMSConstant.swift */ = {isa = PBXFileReference; lastKnownFileType = sourcecode.swift; path = BMSConstant.swift; sourceTree = "<group>"; };
		9BF1A3C6264CE34500A769C6 /* LazyImageVIew.swift */ = {isa = PBXFileReference; lastKnownFileType = sourcecode.swift; path = LazyImageVIew.swift; sourceTree = "<group>"; };
		9BF1A3DF264D10A100A769C6 /* MovieViewModel.swift */ = {isa = PBXFileReference; lastKnownFileType = sourcecode.swift; path = MovieViewModel.swift; sourceTree = "<group>"; };
/* End PBXFileReference section */

/* Begin PBXFrameworksBuildPhase section */
		9BF1A344264C20FE00A769C6 /* Frameworks */ = {
			isa = PBXFrameworksBuildPhase;
			buildActionMask = 2147483647;
			files = (
			);
			runOnlyForDeploymentPostprocessing = 0;
		};
		9BF1A35A264C210900A769C6 /* Frameworks */ = {
			isa = PBXFrameworksBuildPhase;
			buildActionMask = 2147483647;
			files = (
			);
			runOnlyForDeploymentPostprocessing = 0;
		};
		9BF1A365264C210900A769C6 /* Frameworks */ = {
			isa = PBXFrameworksBuildPhase;
			buildActionMask = 2147483647;
			files = (
			);
			runOnlyForDeploymentPostprocessing = 0;
		};
/* End PBXFrameworksBuildPhase section */

/* Begin PBXGroup section */
		9BF1A33E264C20FE00A769C6 = {
			isa = PBXGroup;
			children = (
				9BF1A349264C20FE00A769C6 /* BookMyShow */,
				9BF1A360264C210900A769C6 /* BookMyShowTests */,
				9BF1A36B264C210900A769C6 /* BookMyShowUITests */,
				9BF1A348264C20FE00A769C6 /* Products */,
			);
			sourceTree = "<group>";
		};
		9BF1A348264C20FE00A769C6 /* Products */ = {
			isa = PBXGroup;
			children = (
				9BF1A347264C20FE00A769C6 /* BookMyShow.app */,
				9BF1A35D264C210900A769C6 /* BookMyShowTests.xctest */,
				9BF1A368264C210900A769C6 /* BookMyShowUITests.xctest */,
			);
			name = Products;
			sourceTree = "<group>";
		};
		9BF1A349264C20FE00A769C6 /* BookMyShow */ = {
			isa = PBXGroup;
			children = (
				9BF1A34A264C20FE00A769C6 /* AppDelegate.swift */,
				9BF1A34C264C20FE00A769C6 /* SceneDelegate.swift */,
				9BF1A3CE264CEC4300A769C6 /* Constants */,
				9BF1A3CF264CEC5400A769C6 /* Utils */,
				9BF1A3D3264CEC7C00A769C6 /* Controller */,
				9BF1A3D7264CEC9500A769C6 /* Model */,
				9BF1A3E4264D10A600A769C6 /* ViewModel */,
				9BF1A3D8264CECBB00A769C6 /* Views */,
				9BF1A353264C210900A769C6 /* Assets.xcassets */,
				9BF1A358264C210900A769C6 /* Info.plist */,
			);
			path = BookMyShow;
			sourceTree = "<group>";
		};
		9BF1A360264C210900A769C6 /* BookMyShowTests */ = {
			isa = PBXGroup;
			children = (
				9BF1A361264C210900A769C6 /* BookMyShowTests.swift */,
				9BF1A363264C210900A769C6 /* Info.plist */,
			);
			path = BookMyShowTests;
			sourceTree = "<group>";
		};
		9BF1A36B264C210900A769C6 /* BookMyShowUITests */ = {
			isa = PBXGroup;
			children = (
				9BF1A36C264C210900A769C6 /* BookMyShowUITests.swift */,
				9BF1A36E264C210900A769C6 /* Info.plist */,
			);
			path = BookMyShowUITests;
			sourceTree = "<group>";
		};
		9BF1A3CE264CEC4300A769C6 /* Constants */ = {
			isa = PBXGroup;
			children = (
				9BF1A3C1264CD42D00A769C6 /* BMSConstant.swift */,
				9BF1A3BC264CCE7C00A769C6 /* APIConstants.swift */,
			);
			path = Constants;
			sourceTree = "<group>";
		};
		9BF1A3CF264CEC5400A769C6 /* Utils */ = {
			isa = PBXGroup;
			children = (
				9BF1A3A7264C57DB00A769C6 /* HttpUtil.swift */,
				9BF1A3C6264CE34500A769C6 /* LazyImageVIew.swift */,
				9BB3A12D264D7BA1008CE9A6 /* BMSUtil.swift */,
			);
			path = Utils;
			sourceTree = "<group>";
		};
		9BF1A3D3264CEC7C00A769C6 /* Controller */ = {
			isa = PBXGroup;
			children = (
				9BB3A10F264D4316008CE9A6 /* MovieDetailViewController.swift */,
				9BB3A110264D4316008CE9A6 /* MovieDetailViewController.xib */,
				9BF1A34E264C20FE00A769C6 /* HomeViewController.swift */,
				9BF1A396264C316800A769C6 /* HomeViewControllerDataSource.swift */,
				9BF1A39B264C31EE00A769C6 /* HomeViewControllerDelegate.swift */,
			);
			path = Controller;
			sourceTree = "<group>";
		};
		9BF1A3D7264CEC9500A769C6 /* Model */ = {
			isa = PBXGroup;
			children = (
				9BF1A3B2264C690B00A769C6 /* PopularMoviesModel.swift */,
				9BB3A123264D6EDD008CE9A6 /* SynopsisModel.swift */,
			);
			path = Model;
			sourceTree = "<group>";
		};
		9BF1A3D8264CECBB00A769C6 /* Views */ = {
			isa = PBXGroup;
			children = (
				9BB3A116264D46EE008CE9A6 /* SynopsisView.xib */,
				9BB3A11B264D470B008CE9A6 /* SynopsisView.swift */,
				9BF1A3A0264C34C100A769C6 /* PopularMovieCell.swift */,
				9BF1A3A1264C34C100A769C6 /* PopularMovieCell.xib */,
				9BF1A350264C20FE00A769C6 /* Main.storyboard */,
				9BF1A355264C210900A769C6 /* LaunchScreen.storyboard */,
			);
			path = Views;
			sourceTree = "<group>";
		};
		9BF1A3E4264D10A600A769C6 /* ViewModel */ = {
			isa = PBXGroup;
			children = (
				9BF1A3DF264D10A100A769C6 /* MovieViewModel.swift */,
				9BB3A128264D75E4008CE9A6 /* SynopsisViewModel.swift */,
			);
			path = ViewModel;
			sourceTree = "<group>";
		};
/* End PBXGroup section */

/* Begin PBXNativeTarget section */
		9BF1A346264C20FE00A769C6 /* BookMyShow */ = {
			isa = PBXNativeTarget;
			buildConfigurationList = 9BF1A371264C210900A769C6 /* Build configuration list for PBXNativeTarget "BookMyShow" */;
			buildPhases = (
				9BF1A343264C20FE00A769C6 /* Sources */,
				9BF1A344264C20FE00A769C6 /* Frameworks */,
				9BF1A345264C20FE00A769C6 /* Resources */,
			);
			buildRules = (
			);
			dependencies = (
			);
			name = BookMyShow;
			productName = BookMyShow;
			productReference = 9BF1A347264C20FE00A769C6 /* BookMyShow.app */;
			productType = "com.apple.product-type.application";
		};
		9BF1A35C264C210900A769C6 /* BookMyShowTests */ = {
			isa = PBXNativeTarget;
			buildConfigurationList = 9BF1A374264C210900A769C6 /* Build configuration list for PBXNativeTarget "BookMyShowTests" */;
			buildPhases = (
				9BF1A359264C210900A769C6 /* Sources */,
				9BF1A35A264C210900A769C6 /* Frameworks */,
				9BF1A35B264C210900A769C6 /* Resources */,
			);
			buildRules = (
			);
			dependencies = (
				9BF1A35F264C210900A769C6 /* PBXTargetDependency */,
			);
			name = BookMyShowTests;
			productName = BookMyShowTests;
			productReference = 9BF1A35D264C210900A769C6 /* BookMyShowTests.xctest */;
			productType = "com.apple.product-type.bundle.unit-test";
		};
		9BF1A367264C210900A769C6 /* BookMyShowUITests */ = {
			isa = PBXNativeTarget;
			buildConfigurationList = 9BF1A377264C210900A769C6 /* Build configuration list for PBXNativeTarget "BookMyShowUITests" */;
			buildPhases = (
				9BF1A364264C210900A769C6 /* Sources */,
				9BF1A365264C210900A769C6 /* Frameworks */,
				9BF1A366264C210900A769C6 /* Resources */,
			);
			buildRules = (
			);
			dependencies = (
				9BF1A36A264C210900A769C6 /* PBXTargetDependency */,
			);
			name = BookMyShowUITests;
			productName = BookMyShowUITests;
			productReference = 9BF1A368264C210900A769C6 /* BookMyShowUITests.xctest */;
			productType = "com.apple.product-type.bundle.ui-testing";
		};
/* End PBXNativeTarget section */

/* Begin PBXProject section */
		9BF1A33F264C20FE00A769C6 /* Project object */ = {
			isa = PBXProject;
			attributes = {
				LastSwiftUpdateCheck = 1240;
				LastUpgradeCheck = 1240;
				TargetAttributes = {
					9BF1A346264C20FE00A769C6 = {
						CreatedOnToolsVersion = 12.4;
					};
					9BF1A35C264C210900A769C6 = {
						CreatedOnToolsVersion = 12.4;
						TestTargetID = 9BF1A346264C20FE00A769C6;
					};
					9BF1A367264C210900A769C6 = {
						CreatedOnToolsVersion = 12.4;
						TestTargetID = 9BF1A346264C20FE00A769C6;
					};
				};
			};
			buildConfigurationList = 9BF1A342264C20FE00A769C6 /* Build configuration list for PBXProject "BookMyShow" */;
			compatibilityVersion = "Xcode 9.3";
			developmentRegion = en;
			hasScannedForEncodings = 0;
			knownRegions = (
				en,
				Base,
			);
			mainGroup = 9BF1A33E264C20FE00A769C6;
			productRefGroup = 9BF1A348264C20FE00A769C6 /* Products */;
			projectDirPath = "";
			projectRoot = "";
			targets = (
				9BF1A346264C20FE00A769C6 /* BookMyShow */,
				9BF1A35C264C210900A769C6 /* BookMyShowTests */,
				9BF1A367264C210900A769C6 /* BookMyShowUITests */,
			);
		};
/* End PBXProject section */

/* Begin PBXResourcesBuildPhase section */
		9BF1A345264C20FE00A769C6 /* Resources */ = {
			isa = PBXResourcesBuildPhase;
			buildActionMask = 2147483647;
			files = (
				9BB3A112264D4316008CE9A6 /* MovieDetailViewController.xib in Resources */,
				9BF1A3A3264C34C100A769C6 /* PopularMovieCell.xib in Resources */,
				9BB3A117264D46EE008CE9A6 /* SynopsisView.xib in Resources */,
				9BF1A357264C210900A769C6 /* LaunchScreen.storyboard in Resources */,
				9BF1A354264C210900A769C6 /* Assets.xcassets in Resources */,
				9BF1A352264C20FE00A769C6 /* Main.storyboard in Resources */,
			);
			runOnlyForDeploymentPostprocessing = 0;
		};
		9BF1A35B264C210900A769C6 /* Resources */ = {
			isa = PBXResourcesBuildPhase;
			buildActionMask = 2147483647;
			files = (
			);
			runOnlyForDeploymentPostprocessing = 0;
		};
		9BF1A366264C210900A769C6 /* Resources */ = {
			isa = PBXResourcesBuildPhase;
			buildActionMask = 2147483647;
			files = (
			);
			runOnlyForDeploymentPostprocessing = 0;
		};
/* End PBXResourcesBuildPhase section */

/* Begin PBXSourcesBuildPhase section */
		9BF1A343264C20FE00A769C6 /* Sources */ = {
			isa = PBXSourcesBuildPhase;
			buildActionMask = 2147483647;
			files = (
				9BB3A11C264D470B008CE9A6 /* SynopsisView.swift in Sources */,
				9BB3A12E264D7BA1008CE9A6 /* BMSUtil.swift in Sources */,
				9BF1A3A2264C34C100A769C6 /* PopularMovieCell.swift in Sources */,
				9BF1A397264C316900A769C6 /* HomeViewControllerDataSource.swift in Sources */,
				9BF1A3B3264C690B00A769C6 /* PopularMoviesModel.swift in Sources */,
				9BB3A124264D6EDD008CE9A6 /* SynopsisModel.swift in Sources */,
				9BF1A3C2264CD42D00A769C6 /* BMSConstant.swift in Sources */,
				9BB3A129264D75E4008CE9A6 /* SynopsisViewModel.swift in Sources */,
				9BB3A111264D4316008CE9A6 /* MovieDetailViewController.swift in Sources */,
				9BF1A3C7264CE34500A769C6 /* LazyImageVIew.swift in Sources */,
				9BF1A34F264C20FE00A769C6 /* HomeViewController.swift in Sources */,
				9BF1A3A8264C57DB00A769C6 /* HttpUtil.swift in Sources */,
				9BF1A3BD264CCE7C00A769C6 /* APIConstants.swift in Sources */,
				9BF1A39C264C31EE00A769C6 /* HomeViewControllerDelegate.swift in Sources */,
				9BF1A34B264C20FE00A769C6 /* AppDelegate.swift in Sources */,
				9BF1A34D264C20FE00A769C6 /* SceneDelegate.swift in Sources */,
				9BF1A3E0264D10A100A769C6 /* MovieViewModel.swift in Sources */,
			);
			runOnlyForDeploymentPostprocessing = 0;
		};
		9BF1A359264C210900A769C6 /* Sources */ = {
			isa = PBXSourcesBuildPhase;
			buildActionMask = 2147483647;
			files = (
				9BF1A362264C210900A769C6 /* BookMyShowTests.swift in Sources */,
			);
			runOnlyForDeploymentPostprocessing = 0;
		};
		9BF1A364264C210900A769C6 /* Sources */ = {
			isa = PBXSourcesBuildPhase;
			buildActionMask = 2147483647;
			files = (
				9BF1A36D264C210900A769C6 /* BookMyShowUITests.swift in Sources */,
			);
			runOnlyForDeploymentPostprocessing = 0;
		};
/* End PBXSourcesBuildPhase section */

/* Begin PBXTargetDependency section */
		9BF1A35F264C210900A769C6 /* PBXTargetDependency */ = {
			isa = PBXTargetDependency;
			target = 9BF1A346264C20FE00A769C6 /* BookMyShow */;
			targetProxy = 9BF1A35E264C210900A769C6 /* PBXContainerItemProxy */;
		};
		9BF1A36A264C210900A769C6 /* PBXTargetDependency */ = {
			isa = PBXTargetDependency;
			target = 9BF1A346264C20FE00A769C6 /* BookMyShow */;
			targetProxy = 9BF1A369264C210900A769C6 /* PBXContainerItemProxy */;
		};
/* End PBXTargetDependency section */

/* Begin PBXVariantGroup section */
		9BF1A350264C20FE00A769C6 /* Main.storyboard */ = {
			isa = PBXVariantGroup;
			children = (
				9BF1A351264C20FE00A769C6 /* Base */,
			);
			name = Main.storyboard;
			sourceTree = "<group>";
		};
		9BF1A355264C210900A769C6 /* LaunchScreen.storyboard */ = {
			isa = PBXVariantGroup;
			children = (
				9BF1A356264C210900A769C6 /* Base */,
			);
			name = LaunchScreen.storyboard;
			sourceTree = "<group>";
		};
/* End PBXVariantGroup section */

/* Begin XCBuildConfiguration section */
		9BF1A36F264C210900A769C6 /* Debug */ = {
			isa = XCBuildConfiguration;
			buildSettings = {
				ALWAYS_SEARCH_USER_PATHS = NO;
				CLANG_ANALYZER_NONNULL = YES;
				CLANG_ANALYZER_NUMBER_OBJECT_CONVERSION = YES_AGGRESSIVE;
				CLANG_CXX_LANGUAGE_STANDARD = "gnu++14";
				CLANG_CXX_LIBRARY = "libc++";
				CLANG_ENABLE_MODULES = YES;
				CLANG_ENABLE_OBJC_ARC = YES;
				CLANG_ENABLE_OBJC_WEAK = YES;
				CLANG_WARN_BLOCK_CAPTURE_AUTORELEASING = YES;
				CLANG_WARN_BOOL_CONVERSION = YES;
				CLANG_WARN_COMMA = YES;
				CLANG_WARN_CONSTANT_CONVERSION = YES;
				CLANG_WARN_DEPRECATED_OBJC_IMPLEMENTATIONS = YES;
				CLANG_WARN_DIRECT_OBJC_ISA_USAGE = YES_ERROR;
				CLANG_WARN_DOCUMENTATION_COMMENTS = YES;
				CLANG_WARN_EMPTY_BODY = YES;
				CLANG_WARN_ENUM_CONVERSION = YES;
				CLANG_WARN_INFINITE_RECURSION = YES;
				CLANG_WARN_INT_CONVERSION = YES;
				CLANG_WARN_NON_LITERAL_NULL_CONVERSION = YES;
				CLANG_WARN_OBJC_IMPLICIT_RETAIN_SELF = YES;
				CLANG_WARN_OBJC_LITERAL_CONVERSION = YES;
				CLANG_WARN_OBJC_ROOT_CLASS = YES_ERROR;
				CLANG_WARN_QUOTED_INCLUDE_IN_FRAMEWORK_HEADER = YES;
				CLANG_WARN_RANGE_LOOP_ANALYSIS = YES;
				CLANG_WARN_STRICT_PROTOTYPES = YES;
				CLANG_WARN_SUSPICIOUS_MOVE = YES;
				CLANG_WARN_UNGUARDED_AVAILABILITY = YES_AGGRESSIVE;
				CLANG_WARN_UNREACHABLE_CODE = YES;
				CLANG_WARN__DUPLICATE_METHOD_MATCH = YES;
				COPY_PHASE_STRIP = NO;
				DEBUG_INFORMATION_FORMAT = dwarf;
				ENABLE_STRICT_OBJC_MSGSEND = YES;
				ENABLE_TESTABILITY = YES;
				GCC_C_LANGUAGE_STANDARD = gnu11;
				GCC_DYNAMIC_NO_PIC = NO;
				GCC_NO_COMMON_BLOCKS = YES;
				GCC_OPTIMIZATION_LEVEL = 0;
				GCC_PREPROCESSOR_DEFINITIONS = (
					"DEBUG=1",
					"$(inherited)",
				);
				GCC_WARN_64_TO_32_BIT_CONVERSION = YES;
				GCC_WARN_ABOUT_RETURN_TYPE = YES_ERROR;
				GCC_WARN_UNDECLARED_SELECTOR = YES;
				GCC_WARN_UNINITIALIZED_AUTOS = YES_AGGRESSIVE;
				GCC_WARN_UNUSED_FUNCTION = YES;
				GCC_WARN_UNUSED_VARIABLE = YES;
				IPHONEOS_DEPLOYMENT_TARGET = 14.4;
				MTL_ENABLE_DEBUG_INFO = INCLUDE_SOURCE;
				MTL_FAST_MATH = YES;
				ONLY_ACTIVE_ARCH = YES;
				SDKROOT = iphoneos;
				SWIFT_ACTIVE_COMPILATION_CONDITIONS = DEBUG;
				SWIFT_OPTIMIZATION_LEVEL = "-Onone";
			};
			name = Debug;
		};
		9BF1A370264C210900A769C6 /* Release */ = {
			isa = XCBuildConfiguration;
			buildSettings = {
				ALWAYS_SEARCH_USER_PATHS = NO;
				CLANG_ANALYZER_NONNULL = YES;
				CLANG_ANALYZER_NUMBER_OBJECT_CONVERSION = YES_AGGRESSIVE;
				CLANG_CXX_LANGUAGE_STANDARD = "gnu++14";
				CLANG_CXX_LIBRARY = "libc++";
				CLANG_ENABLE_MODULES = YES;
				CLANG_ENABLE_OBJC_ARC = YES;
				CLANG_ENABLE_OBJC_WEAK = YES;
				CLANG_WARN_BLOCK_CAPTURE_AUTORELEASING = YES;
				CLANG_WARN_BOOL_CONVERSION = YES;
				CLANG_WARN_COMMA = YES;
				CLANG_WARN_CONSTANT_CONVERSION = YES;
				CLANG_WARN_DEPRECATED_OBJC_IMPLEMENTATIONS = YES;
				CLANG_WARN_DIRECT_OBJC_ISA_USAGE = YES_ERROR;
				CLANG_WARN_DOCUMENTATION_COMMENTS = YES;
				CLANG_WARN_EMPTY_BODY = YES;
				CLANG_WARN_ENUM_CONVERSION = YES;
				CLANG_WARN_INFINITE_RECURSION = YES;
				CLANG_WARN_INT_CONVERSION = YES;
				CLANG_WARN_NON_LITERAL_NULL_CONVERSION = YES;
				CLANG_WARN_OBJC_IMPLICIT_RETAIN_SELF = YES;
				CLANG_WARN_OBJC_LITERAL_CONVERSION = YES;
				CLANG_WARN_OBJC_ROOT_CLASS = YES_ERROR;
				CLANG_WARN_QUOTED_INCLUDE_IN_FRAMEWORK_HEADER = YES;
				CLANG_WARN_RANGE_LOOP_ANALYSIS = YES;
				CLANG_WARN_STRICT_PROTOTYPES = YES;
				CLANG_WARN_SUSPICIOUS_MOVE = YES;
				CLANG_WARN_UNGUARDED_AVAILABILITY = YES_AGGRESSIVE;
				CLANG_WARN_UNREACHABLE_CODE = YES;
				CLANG_WARN__DUPLICATE_METHOD_MATCH = YES;
				COPY_PHASE_STRIP = NO;
				DEBUG_INFORMATION_FORMAT = "dwarf-with-dsym";
				ENABLE_NS_ASSERTIONS = NO;
				ENABLE_STRICT_OBJC_MSGSEND = YES;
				GCC_C_LANGUAGE_STANDARD = gnu11;
				GCC_NO_COMMON_BLOCKS = YES;
				GCC_WARN_64_TO_32_BIT_CONVERSION = YES;
				GCC_WARN_ABOUT_RETURN_TYPE = YES_ERROR;
				GCC_WARN_UNDECLARED_SELECTOR = YES;
				GCC_WARN_UNINITIALIZED_AUTOS = YES_AGGRESSIVE;
				GCC_WARN_UNUSED_FUNCTION = YES;
				GCC_WARN_UNUSED_VARIABLE = YES;
				IPHONEOS_DEPLOYMENT_TARGET = 14.4;
				MTL_ENABLE_DEBUG_INFO = NO;
				MTL_FAST_MATH = YES;
				SDKROOT = iphoneos;
				SWIFT_COMPILATION_MODE = wholemodule;
				SWIFT_OPTIMIZATION_LEVEL = "-O";
				VALIDATE_PRODUCT = YES;
			};
			name = Release;
		};
		9BF1A372264C210900A769C6 /* Debug */ = {
			isa = XCBuildConfiguration;
			buildSettings = {
				ASSETCATALOG_COMPILER_APPICON_NAME = AppIcon;
				ASSETCATALOG_COMPILER_GLOBAL_ACCENT_COLOR_NAME = AccentColor;
				CODE_SIGN_STYLE = Automatic;
				DEVELOPMENT_TEAM = ZS5WMDAX7Z;
				INFOPLIST_FILE = BookMyShow/Info.plist;
				IPHONEOS_DEPLOYMENT_TARGET = 11.0;
				LD_RUNPATH_SEARCH_PATHS = (
					"$(inherited)",
					"@executable_path/Frameworks",
				);
				PRODUCT_BUNDLE_IDENTIFIER = com.rushabh.BookMyShow;
				PRODUCT_NAME = "$(TARGET_NAME)";
				SWIFT_VERSION = 5.0;
				TARGETED_DEVICE_FAMILY = 1;
			};
			name = Debug;
		};
		9BF1A373264C210900A769C6 /* Release */ = {
			isa = XCBuildConfiguration;
			buildSettings = {
				ASSETCATALOG_COMPILER_APPICON_NAME = AppIcon;
				ASSETCATALOG_COMPILER_GLOBAL_ACCENT_COLOR_NAME = AccentColor;
				CODE_SIGN_STYLE = Automatic;
				DEVELOPMENT_TEAM = ZS5WMDAX7Z;
				INFOPLIST_FILE = BookMyShow/Info.plist;
				IPHONEOS_DEPLOYMENT_TARGET = 11.0;
				LD_RUNPATH_SEARCH_PATHS = (
					"$(inherited)",
					"@executable_path/Frameworks",
				);
				PRODUCT_BUNDLE_IDENTIFIER = com.rushabh.BookMyShow;
				PRODUCT_NAME = "$(TARGET_NAME)";
				SWIFT_VERSION = 5.0;
				TARGETED_DEVICE_FAMILY = 1;
			};
			name = Release;
		};
		9BF1A375264C210900A769C6 /* Debug */ = {
			isa = XCBuildConfiguration;
			buildSettings = {
				ALWAYS_EMBED_SWIFT_STANDARD_LIBRARIES = YES;
				BUNDLE_LOADER = "$(TEST_HOST)";
				CODE_SIGN_STYLE = Automatic;
				DEVELOPMENT_TEAM = ZS5WMDAX7Z;
				INFOPLIST_FILE = BookMyShowTests/Info.plist;
				IPHONEOS_DEPLOYMENT_TARGET = 14.4;
				LD_RUNPATH_SEARCH_PATHS = (
					"$(inherited)",
					"@executable_path/Frameworks",
					"@loader_path/Frameworks",
				);
				PRODUCT_BUNDLE_IDENTIFIER = com.rushabh.BookMyShowTests;
				PRODUCT_NAME = "$(TARGET_NAME)";
				SWIFT_VERSION = 5.0;
				TARGETED_DEVICE_FAMILY = "1,2";
				TEST_HOST = "$(BUILT_PRODUCTS_DIR)/BookMyShow.app/BookMyShow";
			};
			name = Debug;
		};
		9BF1A376264C210900A769C6 /* Release */ = {
			isa = XCBuildConfiguration;
			buildSettings = {
				ALWAYS_EMBED_SWIFT_STANDARD_LIBRARIES = YES;
				BUNDLE_LOADER = "$(TEST_HOST)";
				CODE_SIGN_STYLE = Automatic;
				DEVELOPMENT_TEAM = ZS5WMDAX7Z;
				INFOPLIST_FILE = BookMyShowTests/Info.plist;
				IPHONEOS_DEPLOYMENT_TARGET = 14.4;
				LD_RUNPATH_SEARCH_PATHS = (
					"$(inherited)",
					"@executable_path/Frameworks",
					"@loader_path/Frameworks",
				);
				PRODUCT_BUNDLE_IDENTIFIER = com.rushabh.BookMyShowTests;
				PRODUCT_NAME = "$(TARGET_NAME)";
				SWIFT_VERSION = 5.0;
				TARGETED_DEVICE_FAMILY = "1,2";
				TEST_HOST = "$(BUILT_PRODUCTS_DIR)/BookMyShow.app/BookMyShow";
			};
			name = Release;
		};
		9BF1A378264C210900A769C6 /* Debug */ = {
			isa = XCBuildConfiguration;
			buildSettings = {
				ALWAYS_EMBED_SWIFT_STANDARD_LIBRARIES = YES;
				CODE_SIGN_STYLE = Automatic;
				DEVELOPMENT_TEAM = ZS5WMDAX7Z;
				INFOPLIST_FILE = BookMyShowUITests/Info.plist;
				LD_RUNPATH_SEARCH_PATHS = (
					"$(inherited)",
					"@executable_path/Frameworks",
					"@loader_path/Frameworks",
				);
				PRODUCT_BUNDLE_IDENTIFIER = com.rushabh.BookMyShowUITests;
				PRODUCT_NAME = "$(TARGET_NAME)";
				SWIFT_VERSION = 5.0;
				TARGETED_DEVICE_FAMILY = "1,2";
				TEST_TARGET_NAME = BookMyShow;
			};
			name = Debug;
		};
		9BF1A379264C210900A769C6 /* Release */ = {
			isa = XCBuildConfiguration;
			buildSettings = {
				ALWAYS_EMBED_SWIFT_STANDARD_LIBRARIES = YES;
				CODE_SIGN_STYLE = Automatic;
				DEVELOPMENT_TEAM = ZS5WMDAX7Z;
				INFOPLIST_FILE = BookMyShowUITests/Info.plist;
				LD_RUNPATH_SEARCH_PATHS = (
					"$(inherited)",
					"@executable_path/Frameworks",
					"@loader_path/Frameworks",
				);
				PRODUCT_BUNDLE_IDENTIFIER = com.rushabh.BookMyShowUITests;
				PRODUCT_NAME = "$(TARGET_NAME)";
				SWIFT_VERSION = 5.0;
				TARGETED_DEVICE_FAMILY = "1,2";
				TEST_TARGET_NAME = BookMyShow;
			};
			name = Release;
		};
/* End XCBuildConfiguration section */

/* Begin XCConfigurationList section */
		9BF1A342264C20FE00A769C6 /* Build configuration list for PBXProject "BookMyShow" */ = {
			isa = XCConfigurationList;
			buildConfigurations = (
				9BF1A36F264C210900A769C6 /* Debug */,
				9BF1A370264C210900A769C6 /* Release */,
			);
			defaultConfigurationIsVisible = 0;
			defaultConfigurationName = Release;
		};
		9BF1A371264C210900A769C6 /* Build configuration list for PBXNativeTarget "BookMyShow" */ = {
			isa = XCConfigurationList;
			buildConfigurations = (
				9BF1A372264C210900A769C6 /* Debug */,
				9BF1A373264C210900A769C6 /* Release */,
			);
			defaultConfigurationIsVisible = 0;
			defaultConfigurationName = Release;
		};
		9BF1A374264C210900A769C6 /* Build configuration list for PBXNativeTarget "BookMyShowTests" */ = {
			isa = XCConfigurationList;
			buildConfigurations = (
				9BF1A375264C210900A769C6 /* Debug */,
				9BF1A376264C210900A769C6 /* Release */,
			);
			defaultConfigurationIsVisible = 0;
			defaultConfigurationName = Release;
		};
		9BF1A377264C210900A769C6 /* Build configuration list for PBXNativeTarget "BookMyShowUITests" */ = {
			isa = XCConfigurationList;
			buildConfigurations = (
				9BF1A378264C210900A769C6 /* Debug */,
				9BF1A379264C210900A769C6 /* Release */,
			);
			defaultConfigurationIsVisible = 0;
			defaultConfigurationName = Release;
		};
/* End XCConfigurationList section */
	};
	rootObject = 9BF1A33F264C20FE00A769C6 /* Project object */;
}
